
Microsoft Visual Studio Solution File, Format Version 12.00
# Visual Studio Version 16
VisualStudioVersion = 16.0.30711.63
MinimumVisualStudioVersion = 10.0.40219.1
Project("{FAE04EC0-301F-11D3-BF4B-00C04F79EFBC}") = "TD 3 ALGO TAB", "TD 3 ALGO TAB\TD 3 ALGO TAB.csproj", "{6F9E7ACB-8141-4A85-A079-E94F269535E5}"
EndProject
Global
	GlobalSection(SolutionConfigurationPlatforms) = preSolution
		Debug|Any CPU = Debug|Any CPU
		Release|Any CPU = Release|Any CPU
	EndGlobalSection
	GlobalSection(ProjectConfigurationPlatforms) = postSolution
		{6F9E7ACB-8141-4A85-A079-E94F269535E5}.Debug|Any CPU.ActiveCfg = Debug|Any CPU
		{6F9E7ACB-8141-4A85-A079-E94F269535E5}.Debug|Any CPU.Build.0 = Debug|Any CPU
		{6F9E7ACB-8141-4A85-A079-E94F269535E5}.Release|Any CPU.ActiveCfg = Release|Any CPU
		{6F9E7ACB-8141-4A85-A079-E94F269535E5}.Release|Any CPU.Build.0 = Release|Any CPU
	EndGlobalSection
	GlobalSection(SolutionProperties) = preSolution
		HideSolutionNode = FALSE
	EndGlobalSection
	GlobalSection(ExtensibilityGlobals) = postSolution
		SolutionGuid = {0A67AD49-9BE9-4E09-9C98-8DA2415560FA}
	EndGlobalSection
EndGlobal
