
Microsoft Visual Studio Solution File, Format Version 12.00
# Visual Studio Version 16
VisualStudioVersion = 16.0.30711.63
MinimumVisualStudioVersion = 10.0.40219.1
Project("{FAE04EC0-301F-11D3-BF4B-00C04F79EFBC}") = "TD 9 TAB", "TD 9 TAB\TD 9 TAB.csproj", "{26A1C441-BA4F-44BE-BF3C-13CD52D0086A}"
EndProject
Global
	GlobalSection(SolutionConfigurationPlatforms) = preSolution
		Debug|Any CPU = Debug|Any CPU
		Release|Any CPU = Release|Any CPU
	EndGlobalSection
	GlobalSection(ProjectConfigurationPlatforms) = postSolution
		{26A1C441-BA4F-44BE-BF3C-13CD52D0086A}.Debug|Any CPU.ActiveCfg = Debug|Any CPU
		{26A1C441-BA4F-44BE-BF3C-13CD52D0086A}.Debug|Any CPU.Build.0 = Debug|Any CPU
		{26A1C441-BA4F-44BE-BF3C-13CD52D0086A}.Release|Any CPU.ActiveCfg = Release|Any CPU
		{26A1C441-BA4F-44BE-BF3C-13CD52D0086A}.Release|Any CPU.Build.0 = Release|Any CPU
	EndGlobalSection
	GlobalSection(SolutionProperties) = preSolution
		HideSolutionNode = FALSE
	EndGlobalSection
	GlobalSection(ExtensibilityGlobals) = postSolution
		SolutionGuid = {135D1DC9-D621-446F-B623-0ADC7B4E9007}
	EndGlobalSection
EndGlobal
