
Microsoft Visual Studio Solution File, Format Version 12.00
# Visual Studio Version 16
VisualStudioVersion = 16.0.30711.63
MinimumVisualStudioVersion = 10.0.40219.1
Project("{FAE04EC0-301F-11D3-BF4B-00C04F79EFBC}") = "TD 8 MATRICE", "TD 8 MATRICE\TD 8 MATRICE.csproj", "{88F5E27F-030D-4FDB-838D-CB7F198D2C26}"
EndProject
Global
	GlobalSection(SolutionConfigurationPlatforms) = preSolution
		Debug|Any CPU = Debug|Any CPU
		Release|Any CPU = Release|Any CPU
	EndGlobalSection
	GlobalSection(ProjectConfigurationPlatforms) = postSolution
		{88F5E27F-030D-4FDB-838D-CB7F198D2C26}.Debug|Any CPU.ActiveCfg = Debug|Any CPU
		{88F5E27F-030D-4FDB-838D-CB7F198D2C26}.Debug|Any CPU.Build.0 = Debug|Any CPU
		{88F5E27F-030D-4FDB-838D-CB7F198D2C26}.Release|Any CPU.ActiveCfg = Release|Any CPU
		{88F5E27F-030D-4FDB-838D-CB7F198D2C26}.Release|Any CPU.Build.0 = Release|Any CPU
	EndGlobalSection
	GlobalSection(SolutionProperties) = preSolution
		HideSolutionNode = FALSE
	EndGlobalSection
	GlobalSection(ExtensibilityGlobals) = postSolution
		SolutionGuid = {52DAC0C5-B062-4AC9-911F-61BA8643112F}
	EndGlobalSection
EndGlobal
